
Microsoft Visual Studio Solution File, Format Version 12.00
# Visual Studio Version 17
VisualStudioVersion = 17.9.34714.143
MinimumVisualStudioVersion = 10.0.40219.1
Project("{FAE04EC0-301F-11D3-BF4B-00C04F79EFBC}") = "telefonkonyv-winforms", "telefonkonyv-winforms\telefonkonyv-winforms.csproj", "{40AC36BE-9244-45A9-B981-B2FBFB5E2525}"
EndProject
Global
	GlobalSection(SolutionConfigurationPlatforms) = preSolution
		Debug|Any CPU = Debug|Any CPU
		Release|Any CPU = Release|Any CPU
	EndGlobalSection
	GlobalSection(ProjectConfigurationPlatforms) = postSolution
		{40AC36BE-9244-45A9-B981-B2FBFB5E2525}.Debug|Any CPU.ActiveCfg = Debug|Any CPU
		{40AC36BE-9244-45A9-B981-B2FBFB5E2525}.Debug|Any CPU.Build.0 = Debug|Any CPU
		{40AC36BE-9244-45A9-B981-B2FBFB5E2525}.Release|Any CPU.ActiveCfg = Release|Any CPU
		{40AC36BE-9244-45A9-B981-B2FBFB5E2525}.Release|Any CPU.Build.0 = Release|Any CPU
	EndGlobalSection
	GlobalSection(SolutionProperties) = preSolution
		HideSolutionNode = FALSE
	EndGlobalSection
	GlobalSection(ExtensibilityGlobals) = postSolution
		SolutionGuid = {7B3D6317-019F-4F2B-A6DA-F8F2ECEFF2BE}
	EndGlobalSection
EndGlobal
