
Microsoft Visual Studio Solution File, Format Version 12.00
# Visual Studio Version 17
VisualStudioVersion = 17.9.34714.143
MinimumVisualStudioVersion = 10.0.40219.1
Project("{FAE04EC0-301F-11D3-BF4B-00C04F79EFBC}") = "telefonkonyv", "telefonkonyv\telefonkonyv.csproj", "{8A09F345-D136-4A12-94DE-4BFCA6F329AD}"
EndProject
Global
	GlobalSection(SolutionConfigurationPlatforms) = preSolution
		Debug|Any CPU = Debug|Any CPU
		Release|Any CPU = Release|Any CPU
	EndGlobalSection
	GlobalSection(ProjectConfigurationPlatforms) = postSolution
		{8A09F345-D136-4A12-94DE-4BFCA6F329AD}.Debug|Any CPU.ActiveCfg = Debug|Any CPU
		{8A09F345-D136-4A12-94DE-4BFCA6F329AD}.Debug|Any CPU.Build.0 = Debug|Any CPU
		{8A09F345-D136-4A12-94DE-4BFCA6F329AD}.Release|Any CPU.ActiveCfg = Release|Any CPU
		{8A09F345-D136-4A12-94DE-4BFCA6F329AD}.Release|Any CPU.Build.0 = Release|Any CPU
	EndGlobalSection
	GlobalSection(SolutionProperties) = preSolution
		HideSolutionNode = FALSE
	EndGlobalSection
	GlobalSection(ExtensibilityGlobals) = postSolution
		SolutionGuid = {941E5338-AE7F-4DFB-85A5-88C2807AE663}
	EndGlobalSection
EndGlobal
